// !$*UTF8*$!
{
	archiveVersion = 1;
	classes = {
	};
	objectVersion = 50;
	objects = {

/* Begin PBXBuildFile section */
		C35AC0352503B38600EC5045 /* AppDelegate.swift in Sources */ = {isa = PBXBuildFile; fileRef = C35AC0342503B38600EC5045 /* AppDelegate.swift */; };
		C35AC0372503B38600EC5045 /* SceneDelegate.swift in Sources */ = {isa = PBXBuildFile; fileRef = C35AC0362503B38600EC5045 /* SceneDelegate.swift */; };
		C35AC0392503B38600EC5045 /* ViewController.swift in Sources */ = {isa = PBXBuildFile; fileRef = C35AC0382503B38600EC5045 /* ViewController.swift */; };
		C35AC03C2503B38600EC5045 /* Main.storyboard in Resources */ = {isa = PBXBuildFile; fileRef = C35AC03A2503B38600EC5045 /* Main.storyboard */; };
		C35AC03E2503B38A00EC5045 /* Assets.xcassets in Resources */ = {isa = PBXBuildFile; fileRef = C35AC03D2503B38A00EC5045 /* Assets.xcassets */; };
		C35AC0412503B38A00EC5045 /* LaunchScreen.storyboard in Resources */ = {isa = PBXBuildFile; fileRef = C35AC03F2503B38A00EC5045 /* LaunchScreen.storyboard */; };
/* End PBXBuildFile section */

/* Begin PBXFileReference section */
		C35AC0312503B38600EC5045 /* sorteador de grupos.app */ = {isa = PBXFileReference; explicitFileType = wrapper.application; includeInIndex = 0; path = "sorteador de grupos.app"; sourceTree = BUILT_PRODUCTS_DIR; };
		C35AC0342503B38600EC5045 /* AppDelegate.swift */ = {isa = PBXFileReference; lastKnownFileType = sourcecode.swift; path = AppDelegate.swift; sourceTree = "<group>"; };
		C35AC0362503B38600EC5045 /* SceneDelegate.swift */ = {isa = PBXFileReference; lastKnownFileType = sourcecode.swift; path = SceneDelegate.swift; sourceTree = "<group>"; };
		C35AC0382503B38600EC5045 /* ViewController.swift */ = {isa = PBXFileReference; lastKnownFileType = sourcecode.swift; path = ViewController.swift; sourceTree = "<group>"; };
		C35AC03B2503B38600EC5045 /* Base */ = {isa = PBXFileReference; lastKnownFileType = file.storyboard; name = Base; path = Base.lproj/Main.storyboard; sourceTree = "<group>"; };
		C35AC03D2503B38A00EC5045 /* Assets.xcassets */ = {isa = PBXFileReference; lastKnownFileType = folder.assetcatalog; path = Assets.xcassets; sourceTree = "<group>"; };
		C35AC0402503B38A00EC5045 /* Base */ = {isa = PBXFileReference; lastKnownFileType = file.storyboard; name = Base; path = Base.lproj/LaunchScreen.storyboard; sourceTree = "<group>"; };
		C35AC0422503B38A00EC5045 /* Info.plist */ = {isa = PBXFileReference; lastKnownFileType = text.plist.xml; path = Info.plist; sourceTree = "<group>"; };
/* End PBXFileReference section */

/* Begin PBXFrameworksBuildPhase section */
		C35AC02E2503B38600EC5045 /* Frameworks */ = {
			isa = PBXFrameworksBuildPhase;
			buildActionMask = 2147483647;
			files = (
			);
			runOnlyForDeploymentPostprocessing = 0;
		};
/* End PBXFrameworksBuildPhase section */

/* Begin PBXGroup section */
		C35AC0282503B38500EC5045 = {
			isa = PBXGroup;
			children = (
				C35AC0332503B38600EC5045 /* sorteador de grupos */,
				C35AC0322503B38600EC5045 /* Products */,
			);
			sourceTree = "<group>";
		};
		C35AC0322503B38600EC5045 /* Products */ = {
			isa = PBXGroup;
			children = (
				C35AC0312503B38600EC5045 /* sorteador de grupos.app */,
			);
			name = Products;
			sourceTree = "<group>";
		};
		C35AC0332503B38600EC5045 /* sorteador de grupos */ = {
			isa = PBXGroup;
			children = (
				C35AC0342503B38600EC5045 /* AppDelegate.swift */,
				C35AC0362503B38600EC5045 /* SceneDelegate.swift */,
				C35AC0382503B38600EC5045 /* ViewController.swift */,
				C35AC03A2503B38600EC5045 /* Main.storyboard */,
				C35AC03D2503B38A00EC5045 /* Assets.xcassets */,
				C35AC03F2503B38A00EC5045 /* LaunchScreen.storyboard */,
				C35AC0422503B38A00EC5045 /* Info.plist */,
			);
			path = "sorteador de grupos";
			sourceTree = "<group>";
		};
/* End PBXGroup section */

/* Begin PBXNativeTarget section */
		C35AC0302503B38600EC5045 /* sorteador de grupos */ = {
			isa = PBXNativeTarget;
			buildConfigurationList = C35AC0452503B38A00EC5045 /* Build configuration list for PBXNativeTarget "sorteador de grupos" */;
			buildPhases = (
				C35AC02D2503B38600EC5045 /* Sources */,
				C35AC02E2503B38600EC5045 /* Frameworks */,
				C35AC02F2503B38600EC5045 /* Resources */,
			);
			buildRules = (
			);
			dependencies = (
			);
			name = "sorteador de grupos";
			productName = "sorteador de grupos";
			productReference = C35AC0312503B38600EC5045 /* sorteador de grupos.app */;
			productType = "com.apple.product-type.application";
		};
/* End PBXNativeTarget section */

/* Begin PBXProject section */
		C35AC0292503B38500EC5045 /* Project object */ = {
			isa = PBXProject;
			attributes = {
				LastSwiftUpdateCheck = 1160;
				LastUpgradeCheck = 1160;
				ORGANIZATIONNAME = "Bryan Barreto";
				TargetAttributes = {
					C35AC0302503B38600EC5045 = {
						CreatedOnToolsVersion = 11.6;
					};
				};
			};
			buildConfigurationList = C35AC02C2503B38500EC5045 /* Build configuration list for PBXProject "sorteador de grupos" */;
			compatibilityVersion = "Xcode 9.3";
			developmentRegion = en;
			hasScannedForEncodings = 0;
			knownRegions = (
				en,
				Base,
			);
			mainGroup = C35AC0282503B38500EC5045;
			productRefGroup = C35AC0322503B38600EC5045 /* Products */;
			projectDirPath = "";
			projectRoot = "";
			targets = (
				C35AC0302503B38600EC5045 /* sorteador de grupos */,
			);
		};
/* End PBXProject section */

/* Begin PBXResourcesBuildPhase section */
		C35AC02F2503B38600EC5045 /* Resources */ = {
			isa = PBXResourcesBuildPhase;
			buildActionMask = 2147483647;
			files = (
				C35AC0412503B38A00EC5045 /* LaunchScreen.storyboard in Resources */,
				C35AC03E2503B38A00EC5045 /* Assets.xcassets in Resources */,
				C35AC03C2503B38600EC5045 /* Main.storyboard in Resources */,
			);
			runOnlyForDeploymentPostprocessing = 0;
		};
/* End PBXResourcesBuildPhase section */

/* Begin PBXSourcesBuildPhase section */
		C35AC02D2503B38600EC5045 /* Sources */ = {
			isa = PBXSourcesBuildPhase;
			buildActionMask = 2147483647;
			files = (
				C35AC0392503B38600EC5045 /* ViewController.swift in Sources */,
				C35AC0352503B38600EC5045 /* AppDelegate.swift in Sources */,
				C35AC0372503B38600EC5045 /* SceneDelegate.swift in Sources */,
			);
			runOnlyForDeploymentPostprocessing = 0;
		};
/* End PBXSourcesBuildPhase section */

/* Begin PBXVariantGroup section */
		C35AC03A2503B38600EC5045 /* Main.storyboard */ = {
			isa = PBXVariantGroup;
			children = (
				C35AC03B2503B38600EC5045 /* Base */,
			);
			name = Main.storyboard;
			sourceTree = "<group>";
		};
		C35AC03F2503B38A00EC5045 /* LaunchScreen.storyboard */ = {
			isa = PBXVariantGroup;
			children = (
				C35AC0402503B38A00EC5045 /* Base */,
			);
			name = LaunchScreen.storyboard;
			sourceTree = "<group>";
		};
/* End PBXVariantGroup section */

/* Begin XCBuildConfiguration section */
		C35AC0432503B38A00EC5045 /* Debug */ = {
			isa = XCBuildConfiguration;
			buildSettings = {
				ALWAYS_SEARCH_USER_PATHS = NO;
				CLANG_ANALYZER_NONNULL = YES;
				CLANG_ANALYZER_NUMBER_OBJECT_CONVERSION = YES_AGGRESSIVE;
				CLANG_CXX_LANGUAGE_STANDARD = "gnu++14";
				CLANG_CXX_LIBRARY = "libc++";
				CLANG_ENABLE_MODULES = YES;
				CLANG_ENABLE_OBJC_ARC = YES;
				CLANG_ENABLE_OBJC_WEAK = YES;
				CLANG_WARN_BLOCK_CAPTURE_AUTORELEASING = YES;
				CLANG_WARN_BOOL_CONVERSION = YES;
				CLANG_WARN_COMMA = YES;
				CLANG_WARN_CONSTANT_CONVERSION = YES;
				CLANG_WARN_DEPRECATED_OBJC_IMPLEMENTATIONS = YES;
				CLANG_WARN_DIRECT_OBJC_ISA_USAGE = YES_ERROR;
				CLANG_WARN_DOCUMENTATION_COMMENTS = YES;
				CLANG_WARN_EMPTY_BODY = YES;
				CLANG_WARN_ENUM_CONVERSION = YES;
				CLANG_WARN_INFINITE_RECURSION = YES;
				CLANG_WARN_INT_CONVERSION = YES;
				CLANG_WARN_NON_LITERAL_NULL_CONVERSION = YES;
				CLANG_WARN_OBJC_IMPLICIT_RETAIN_SELF = YES;
				CLANG_WARN_OBJC_LITERAL_CONVERSION = YES;
				CLANG_WARN_OBJC_ROOT_CLASS = YES_ERROR;
				CLANG_WARN_RANGE_LOOP_ANALYSIS = YES;
				CLANG_WARN_STRICT_PROTOTYPES = YES;
				CLANG_WARN_SUSPICIOUS_MOVE = YES;
				CLANG_WARN_UNGUARDED_AVAILABILITY = YES_AGGRESSIVE;
				CLANG_WARN_UNREACHABLE_CODE = YES;
				CLANG_WARN__DUPLICATE_METHOD_MATCH = YES;
				COPY_PHASE_STRIP = NO;
				DEBUG_INFORMATION_FORMAT = dwarf;
				ENABLE_STRICT_OBJC_MSGSEND = YES;
				ENABLE_TESTABILITY = YES;
				GCC_C_LANGUAGE_STANDARD = gnu11;
				GCC_DYNAMIC_NO_PIC = NO;
				GCC_NO_COMMON_BLOCKS = YES;
				GCC_OPTIMIZATION_LEVEL = 0;
				GCC_PREPROCESSOR_DEFINITIONS = (
					"DEBUG=1",
					"$(inherited)",
				);
				GCC_WARN_64_TO_32_BIT_CONVERSION = YES;
				GCC_WARN_ABOUT_RETURN_TYPE = YES_ERROR;
				GCC_WARN_UNDECLARED_SELECTOR = YES;
				GCC_WARN_UNINITIALIZED_AUTOS = YES_AGGRESSIVE;
				GCC_WARN_UNUSED_FUNCTION = YES;
				GCC_WARN_UNUSED_VARIABLE = YES;
				IPHONEOS_DEPLOYMENT_TARGET = 13.6;
				MTL_ENABLE_DEBUG_INFO = INCLUDE_SOURCE;
				MTL_FAST_MATH = YES;
				ONLY_ACTIVE_ARCH = YES;
				SDKROOT = iphoneos;
				SWIFT_ACTIVE_COMPILATION_CONDITIONS = DEBUG;
				SWIFT_OPTIMIZATION_LEVEL = "-Onone";
			};
			name = Debug;
		};
		C35AC0442503B38A00EC5045 /* Release */ = {
			isa = XCBuildConfiguration;
			buildSettings = {
				ALWAYS_SEARCH_USER_PATHS = NO;
				CLANG_ANALYZER_NONNULL = YES;
				CLANG_ANALYZER_NUMBER_OBJECT_CONVERSION = YES_AGGRESSIVE;
				CLANG_CXX_LANGUAGE_STANDARD = "gnu++14";
				CLANG_CXX_LIBRARY = "libc++";
				CLANG_ENABLE_MODULES = YES;
				CLANG_ENABLE_OBJC_ARC = YES;
				CLANG_ENABLE_OBJC_WEAK = YES;
				CLANG_WARN_BLOCK_CAPTURE_AUTORELEASING = YES;
				CLANG_WARN_BOOL_CONVERSION = YES;
				CLANG_WARN_COMMA = YES;
				CLANG_WARN_CONSTANT_CONVERSION = YES;
				CLANG_WARN_DEPRECATED_OBJC_IMPLEMENTATIONS = YES;
				CLANG_WARN_DIRECT_OBJC_ISA_USAGE = YES_ERROR;
				CLANG_WARN_DOCUMENTATION_COMMENTS = YES;
				CLANG_WARN_EMPTY_BODY = YES;
				CLANG_WARN_ENUM_CONVERSION = YES;
				CLANG_WARN_INFINITE_RECURSION = YES;
				CLANG_WARN_INT_CONVERSION = YES;
				CLANG_WARN_NON_LITERAL_NULL_CONVERSION = YES;
				CLANG_WARN_OBJC_IMPLICIT_RETAIN_SELF = YES;
				CLANG_WARN_OBJC_LITERAL_CONVERSION = YES;
				CLANG_WARN_OBJC_ROOT_CLASS = YES_ERROR;
				CLANG_WARN_RANGE_LOOP_ANALYSIS = YES;
				CLANG_WARN_STRICT_PROTOTYPES = YES;
				CLANG_WARN_SUSPICIOUS_MOVE = YES;
				CLANG_WARN_UNGUARDED_AVAILABILITY = YES_AGGRESSIVE;
				CLANG_WARN_UNREACHABLE_CODE = YES;
				CLANG_WARN__DUPLICATE_METHOD_MATCH = YES;
				COPY_PHASE_STRIP = NO;
				DEBUG_INFORMATION_FORMAT = "dwarf-with-dsym";
				ENABLE_NS_ASSERTIONS = NO;
				ENABLE_STRICT_OBJC_MSGSEND = YES;
				GCC_C_LANGUAGE_STANDARD = gnu11;
				GCC_NO_COMMON_BLOCKS = YES;
				GCC_WARN_64_TO_32_BIT_CONVERSION = YES;
				GCC_WARN_ABOUT_RETURN_TYPE = YES_ERROR;
				GCC_WARN_UNDECLARED_SELECTOR = YES;
				GCC_WARN_UNINITIALIZED_AUTOS = YES_AGGRESSIVE;
				GCC_WARN_UNUSED_FUNCTION = YES;
				GCC_WARN_UNUSED_VARIABLE = YES;
				IPHONEOS_DEPLOYMENT_TARGET = 13.6;
				MTL_ENABLE_DEBUG_INFO = NO;
				MTL_FAST_MATH = YES;
				SDKROOT = iphoneos;
				SWIFT_COMPILATION_MODE = wholemodule;
				SWIFT_OPTIMIZATION_LEVEL = "-O";
				VALIDATE_PRODUCT = YES;
			};
			name = Release;
		};
		C35AC0462503B38A00EC5045 /* Debug */ = {
			isa = XCBuildConfiguration;
			buildSettings = {
				ASSETCATALOG_COMPILER_APPICON_NAME = AppIcon;
				CODE_SIGN_STYLE = Automatic;
				DEVELOPMENT_TEAM = 8A3VLCQATV;
				INFOPLIST_FILE = "sorteador de grupos/Info.plist";
				LD_RUNPATH_SEARCH_PATHS = (
					"$(inherited)",
					"@executable_path/Frameworks",
				);
				PRODUCT_BUNDLE_IDENTIFIER = "com.bryanbarreto.sorteador-de-grupos";
				PRODUCT_NAME = "$(TARGET_NAME)";
				SWIFT_VERSION = 5.0;
				TARGETED_DEVICE_FAMILY = "1,2";
			};
			name = Debug;
		};
		C35AC0472503B38A00EC5045 /* Release */ = {
			isa = XCBuildConfiguration;
			buildSettings = {
				ASSETCATALOG_COMPILER_APPICON_NAME = AppIcon;
				CODE_SIGN_STYLE = Automatic;
				DEVELOPMENT_TEAM = 8A3VLCQATV;
				INFOPLIST_FILE = "sorteador de grupos/Info.plist";
				LD_RUNPATH_SEARCH_PATHS = (
					"$(inherited)",
					"@executable_path/Frameworks",
				);
				PRODUCT_BUNDLE_IDENTIFIER = "com.bryanbarreto.sorteador-de-grupos";
				PRODUCT_NAME = "$(TARGET_NAME)";
				SWIFT_VERSION = 5.0;
				TARGETED_DEVICE_FAMILY = "1,2";
			};
			name = Release;
		};
/* End XCBuildConfiguration section */

/* Begin XCConfigurationList section */
		C35AC02C2503B38500EC5045 /* Build configuration list for PBXProject "sorteador de grupos" */ = {
			isa = XCConfigurationList;
			buildConfigurations = (
				C35AC0432503B38A00EC5045 /* Debug */,
				C35AC0442503B38A00EC5045 /* Release */,
			);
			defaultConfigurationIsVisible = 0;
			defaultConfigurationName = Release;
		};
		C35AC0452503B38A00EC5045 /* Build configuration list for PBXNativeTarget "sorteador de grupos" */ = {
			isa = XCConfigurationList;
			buildConfigurations = (
				C35AC0462503B38A00EC5045 /* Debug */,
				C35AC0472503B38A00EC5045 /* Release */,
			);
			defaultConfigurationIsVisible = 0;
			defaultConfigurationName = Release;
		};
/* End XCConfigurationList section */
	};
	rootObject = C35AC0292503B38500EC5045 /* Project object */;
}
